
Microsoft Visual Studio Solution File, Format Version 12.00
# Visual Studio Version 16
VisualStudioVersion = 16.0.34301.259
MinimumVisualStudioVersion = 10.0.40219.1
Project("{FAE04EC0-301F-11D3-BF4B-00C04F79EFBC}") = "InvoiceAI", "InvoiceAI\InvoiceAI.csproj", "{D3B127D3-3688-4B47-BA0F-4918BD0AA79F}"
EndProject
Project("{FAE04EC0-301F-11D3-BF4B-00C04F79EFBC}") = "InvoiceAITests", "InvoiceAITests\InvoiceAITests.csproj", "{27A78723-681C-4790-815E-41CD42E8B106}"
EndProject
Global
	GlobalSection(SolutionConfigurationPlatforms) = preSolution
		Debug|Any CPU = Debug|Any CPU
		Release|Any CPU = Release|Any CPU
	EndGlobalSection
	GlobalSection(ProjectConfigurationPlatforms) = postSolution
		{D3B127D3-3688-4B47-BA0F-4918BD0AA79F}.Debug|Any CPU.ActiveCfg = Debug|Any CPU
		{D3B127D3-3688-4B47-BA0F-4918BD0AA79F}.Debug|Any CPU.Build.0 = Debug|Any CPU
		{D3B127D3-3688-4B47-BA0F-4918BD0AA79F}.Release|Any CPU.ActiveCfg = Release|Any CPU
		{D3B127D3-3688-4B47-BA0F-4918BD0AA79F}.Release|Any CPU.Build.0 = Release|Any CPU
		{27A78723-681C-4790-815E-41CD42E8B106}.Debug|Any CPU.ActiveCfg = Debug|Any CPU
		{27A78723-681C-4790-815E-41CD42E8B106}.Debug|Any CPU.Build.0 = Debug|Any CPU
		{27A78723-681C-4790-815E-41CD42E8B106}.Release|Any CPU.ActiveCfg = Release|Any CPU
		{27A78723-681C-4790-815E-41CD42E8B106}.Release|Any CPU.Build.0 = Release|Any CPU
	EndGlobalSection
	GlobalSection(SolutionProperties) = preSolution
		HideSolutionNode = FALSE
	EndGlobalSection
	GlobalSection(ExtensibilityGlobals) = postSolution
		SolutionGuid = {E26E460B-EEEA-4B37-84EA-F676034DF7A3}
	EndGlobalSection
EndGlobal
